
Microsoft Visual Studio Solution File, Format Version 12.00
# Visual Studio Version 17
VisualStudioVersion = 17.14.36616.10 d17.14
MinimumVisualStudioVersion = 10.0.40219.1
Project("{FAE04EC0-301F-11D3-BF4B-00C04F79EFBC}") = "VatActivity", "VatActivity.csproj", "{E9C1D580-6BD6-43F9-BF4E-EA2FBB503EBA}"
EndProject
Global
	GlobalSection(SolutionConfigurationPlatforms) = preSolution
		Debug|Any CPU = Debug|Any CPU
		Release|Any CPU = Release|Any CPU
	EndGlobalSection
	GlobalSection(ProjectConfigurationPlatforms) = postSolution
		{E9C1D580-6BD6-43F9-BF4E-EA2FBB503EBA}.Debug|Any CPU.ActiveCfg = Debug|Any CPU
		{E9C1D580-6BD6-43F9-BF4E-EA2FBB503EBA}.Debug|Any CPU.Build.0 = Debug|Any CPU
		{E9C1D580-6BD6-43F9-BF4E-EA2FBB503EBA}.Release|Any CPU.ActiveCfg = Release|Any CPU
		{E9C1D580-6BD6-43F9-BF4E-EA2FBB503EBA}.Release|Any CPU.Build.0 = Release|Any CPU
	EndGlobalSection
	GlobalSection(SolutionProperties) = preSolution
		HideSolutionNode = FALSE
	EndGlobalSection
	GlobalSection(ExtensibilityGlobals) = postSolution
		SolutionGuid = {879FF7E9-E8C5-47D7-9D09-FD102E9A84AA}
	EndGlobalSection
EndGlobal
